// !$*UTF8*$!
{
	archiveVersion = 1;
	classes = {
	};
	objectVersion = 46;
	objects = {

/* Begin PBXBuildFile section */
		6DAD91DA5727FDE66E91AB0F /* Pods_SnapSkate.framework in Frameworks */ = {isa = PBXBuildFile; fileRef = 0A06D9E761526FC3F301950A /* Pods_SnapSkate.framework */; };
		C61E1D911E95C0E900D556B5 /* PostVC.swift in Sources */ = {isa = PBXBuildFile; fileRef = C61E1D901E95C0E900D556B5 /* PostVC.swift */; };
		C63369AA1E748D8D00214851 /* LoginVC.swift in Sources */ = {isa = PBXBuildFile; fileRef = C63369A91E748D8D00214851 /* LoginVC.swift */; };
		C63369AE1E74ED2000214851 /* ProfileVC.swift in Sources */ = {isa = PBXBuildFile; fileRef = C63369AD1E74ED2000214851 /* ProfileVC.swift */; };
		C63A5E1D1E971EFC00CC21F7 /* FeedVC.swift in Sources */ = {isa = PBXBuildFile; fileRef = C63A5E1C1E971EFC00CC21F7 /* FeedVC.swift */; };
		C63A5E1F1E9B00EF00CC21F7 /* FeedCell.swift in Sources */ = {isa = PBXBuildFile; fileRef = C63A5E1E1E9B00EF00CC21F7 /* FeedCell.swift */; };
		C662177A1EC2C311001FDF46 /* CommentsCell.swift in Sources */ = {isa = PBXBuildFile; fileRef = C66217791EC2C310001FDF46 /* CommentsCell.swift */; };
		C6621DE41E764B53005998A9 /* FirebaseData.swift in Sources */ = {isa = PBXBuildFile; fileRef = C6621DE31E764B53005998A9 /* FirebaseData.swift */; };
		C663589F1E75A54C0007CCE0 /* IQNSArray+Sort.swift in Sources */ = {isa = PBXBuildFile; fileRef = C66358891E75A54C0007CCE0 /* IQNSArray+Sort.swift */; };
		C66358A01E75A54C0007CCE0 /* IQUIScrollView+Additions.swift in Sources */ = {isa = PBXBuildFile; fileRef = C663588A1E75A54C0007CCE0 /* IQUIScrollView+Additions.swift */; };
		C66358A11E75A54C0007CCE0 /* IQUITextFieldView+Additions.swift in Sources */ = {isa = PBXBuildFile; fileRef = C663588B1E75A54C0007CCE0 /* IQUITextFieldView+Additions.swift */; };
		C66358A21E75A54C0007CCE0 /* IQUIView+Hierarchy.swift in Sources */ = {isa = PBXBuildFile; fileRef = C663588C1E75A54C0007CCE0 /* IQUIView+Hierarchy.swift */; };
		C66358A31E75A54C0007CCE0 /* IQUIViewController+Additions.swift in Sources */ = {isa = PBXBuildFile; fileRef = C663588D1E75A54C0007CCE0 /* IQUIViewController+Additions.swift */; };
		C66358A41E75A54C0007CCE0 /* IQUIWindow+Hierarchy.swift in Sources */ = {isa = PBXBuildFile; fileRef = C663588E1E75A54C0007CCE0 /* IQUIWindow+Hierarchy.swift */; };
		C66358A51E75A54C0007CCE0 /* IQKeyboardManagerConstants.swift in Sources */ = {isa = PBXBuildFile; fileRef = C66358901E75A54C0007CCE0 /* IQKeyboardManagerConstants.swift */; };
		C66358A61E75A54C0007CCE0 /* IQKeyboardManagerConstantsInternal.swift in Sources */ = {isa = PBXBuildFile; fileRef = C66358911E75A54C0007CCE0 /* IQKeyboardManagerConstantsInternal.swift */; };
		C66358A71E75A54C0007CCE0 /* IQKeyboardManager.swift in Sources */ = {isa = PBXBuildFile; fileRef = C66358921E75A54C0007CCE0 /* IQKeyboardManager.swift */; };
		C66358A81E75A54C0007CCE0 /* IQKeyboardReturnKeyHandler.swift in Sources */ = {isa = PBXBuildFile; fileRef = C66358941E75A54C0007CCE0 /* IQKeyboardReturnKeyHandler.swift */; };
		C66358A91E75A54C0007CCE0 /* IQTextView.swift in Sources */ = {isa = PBXBuildFile; fileRef = C66358961E75A54C0007CCE0 /* IQTextView.swift */; };
		C66358AA1E75A54C0007CCE0 /* IQBarButtonItem.swift in Sources */ = {isa = PBXBuildFile; fileRef = C66358981E75A54C0007CCE0 /* IQBarButtonItem.swift */; };
		C66358AB1E75A54C0007CCE0 /* IQPreviousNextView.swift in Sources */ = {isa = PBXBuildFile; fileRef = C66358991E75A54C0007CCE0 /* IQPreviousNextView.swift */; };
		C66358AC1E75A54C0007CCE0 /* IQTitleBarButtonItem.swift in Sources */ = {isa = PBXBuildFile; fileRef = C663589A1E75A54C0007CCE0 /* IQTitleBarButtonItem.swift */; };
		C66358AD1E75A54C0007CCE0 /* IQToolbar.swift in Sources */ = {isa = PBXBuildFile; fileRef = C663589B1E75A54C0007CCE0 /* IQToolbar.swift */; };
		C66358AE1E75A54C0007CCE0 /* IQUIView+IQKeyboardToolbar.swift in Sources */ = {isa = PBXBuildFile; fileRef = C663589C1E75A54C0007CCE0 /* IQUIView+IQKeyboardToolbar.swift */; };
		C66358AF1E75A54C0007CCE0 /* IQKeyboardManager.bundle in Resources */ = {isa = PBXBuildFile; fileRef = C663589E1E75A54C0007CCE0 /* IQKeyboardManager.bundle */; };
		C66358B11E75AD4F0007CCE0 /* NewProfileVC.swift in Sources */ = {isa = PBXBuildFile; fileRef = C66358B01E75AD4F0007CCE0 /* NewProfileVC.swift */; };
		C6936B241E6F9ED100A937C9 /* AppDelegate.swift in Sources */ = {isa = PBXBuildFile; fileRef = C6936B231E6F9ED100A937C9 /* AppDelegate.swift */; };
		C6936B261E6F9ED100A937C9 /* MapVC.swift in Sources */ = {isa = PBXBuildFile; fileRef = C6936B251E6F9ED100A937C9 /* MapVC.swift */; };
		C6936B291E6F9ED100A937C9 /* Main.storyboard in Resources */ = {isa = PBXBuildFile; fileRef = C6936B271E6F9ED100A937C9 /* Main.storyboard */; };
		C6936B2B1E6F9ED100A937C9 /* Assets.xcassets in Resources */ = {isa = PBXBuildFile; fileRef = C6936B2A1E6F9ED100A937C9 /* Assets.xcassets */; };
		C6936B2E1E6F9ED100A937C9 /* LaunchScreen.storyboard in Resources */ = {isa = PBXBuildFile; fileRef = C6936B2C1E6F9ED100A937C9 /* LaunchScreen.storyboard */; };
		C6936B391E6F9ED200A937C9 /* SnapSkateTests.swift in Sources */ = {isa = PBXBuildFile; fileRef = C6936B381E6F9ED200A937C9 /* SnapSkateTests.swift */; };
		C6936B441E6F9ED200A937C9 /* SnapSkateUITests.swift in Sources */ = {isa = PBXBuildFile; fileRef = C6936B431E6F9ED200A937C9 /* SnapSkateUITests.swift */; };
		C6936B521E70EAC300A937C9 /* SkateSpot.swift in Sources */ = {isa = PBXBuildFile; fileRef = C6936B511E70EAC300A937C9 /* SkateSpot.swift */; };
		C6936B541E70EFB100A937C9 /* MapViewVC.swift in Sources */ = {isa = PBXBuildFile; fileRef = C6936B531E70EFB100A937C9 /* MapViewVC.swift */; };
		C6936B561E72320700A937C9 /* DetailVC.swift in Sources */ = {isa = PBXBuildFile; fileRef = C6936B551E72320700A937C9 /* DetailVC.swift */; };
		C6936B581E74833C00A937C9 /* GoogleService-Info.plist in Resources */ = {isa = PBXBuildFile; fileRef = C6936B571E74833C00A937C9 /* GoogleService-Info.plist */; };
		C6B88CD61E86F78100DA40DA /* ImagesCell.swift in Sources */ = {isa = PBXBuildFile; fileRef = C6B88CD51E86F78100DA40DA /* ImagesCell.swift */; };
		C6B88CD81E86F7C300DA40DA /* ImagesCVC.swift in Sources */ = {isa = PBXBuildFile; fileRef = C6B88CD71E86F7C300DA40DA /* ImagesCVC.swift */; };
		C6CEC80D1E74848500643992 /* DataServices.swift in Sources */ = {isa = PBXBuildFile; fileRef = C6CEC80C1E74848500643992 /* DataServices.swift */; };
		C6F4FFB11EC160A8002A6F43 /* CommentsVC.swift in Sources */ = {isa = PBXBuildFile; fileRef = C6F4FFB01EC160A8002A6F43 /* CommentsVC.swift */; };
/* End PBXBuildFile section */

/* Begin PBXContainerItemProxy section */
		C6936B351E6F9ED200A937C9 /* PBXContainerItemProxy */ = {
			isa = PBXContainerItemProxy;
			containerPortal = C6936B181E6F9ED100A937C9 /* Project object */;
			proxyType = 1;
			remoteGlobalIDString = C6936B1F1E6F9ED100A937C9;
			remoteInfo = SnapSkate;
		};
		C6936B401E6F9ED200A937C9 /* PBXContainerItemProxy */ = {
			isa = PBXContainerItemProxy;
			containerPortal = C6936B181E6F9ED100A937C9 /* Project object */;
			proxyType = 1;
			remoteGlobalIDString = C6936B1F1E6F9ED100A937C9;
			remoteInfo = SnapSkate;
		};
/* End PBXContainerItemProxy section */

/* Begin PBXFileReference section */
		0545E306E8D15716266B7637 /* Pods-SnapSkate.release.xcconfig */ = {isa = PBXFileReference; includeInIndex = 1; lastKnownFileType = text.xcconfig; name = "Pods-SnapSkate.release.xcconfig"; path = "Pods/Target Support Files/Pods-SnapSkate/Pods-SnapSkate.release.xcconfig"; sourceTree = "<group>"; };
		0A06D9E761526FC3F301950A /* Pods_SnapSkate.framework */ = {isa = PBXFileReference; explicitFileType = wrapper.framework; includeInIndex = 0; path = Pods_SnapSkate.framework; sourceTree = BUILT_PRODUCTS_DIR; };
		C61E1D901E95C0E900D556B5 /* PostVC.swift */ = {isa = PBXFileReference; fileEncoding = 4; lastKnownFileType = sourcecode.swift; path = PostVC.swift; sourceTree = "<group>"; };
		C63369A91E748D8D00214851 /* LoginVC.swift */ = {isa = PBXFileReference; fileEncoding = 4; lastKnownFileType = sourcecode.swift; path = LoginVC.swift; sourceTree = "<group>"; };
		C63369AD1E74ED2000214851 /* ProfileVC.swift */ = {isa = PBXFileReference; fileEncoding = 4; lastKnownFileType = sourcecode.swift; path = ProfileVC.swift; sourceTree = "<group>"; };
		C63A5E1C1E971EFC00CC21F7 /* FeedVC.swift */ = {isa = PBXFileReference; fileEncoding = 4; lastKnownFileType = sourcecode.swift; path = FeedVC.swift; sourceTree = "<group>"; };
		C63A5E1E1E9B00EF00CC21F7 /* FeedCell.swift */ = {isa = PBXFileReference; fileEncoding = 4; lastKnownFileType = sourcecode.swift; path = FeedCell.swift; sourceTree = "<group>"; };
		C66217791EC2C310001FDF46 /* CommentsCell.swift */ = {isa = PBXFileReference; fileEncoding = 4; lastKnownFileType = sourcecode.swift; path = CommentsCell.swift; sourceTree = "<group>"; };
		C6621DE31E764B53005998A9 /* FirebaseData.swift */ = {isa = PBXFileReference; fileEncoding = 4; lastKnownFileType = sourcecode.swift; path = FirebaseData.swift; sourceTree = "<group>"; };
		C66358891E75A54C0007CCE0 /* IQNSArray+Sort.swift */ = {isa = PBXFileReference; fileEncoding = 4; lastKnownFileType = sourcecode.swift; path = "IQNSArray+Sort.swift"; sourceTree = "<group>"; };
		C663588A1E75A54C0007CCE0 /* IQUIScrollView+Additions.swift */ = {isa = PBXFileReference; fileEncoding = 4; lastKnownFileType = sourcecode.swift; path = "IQUIScrollView+Additions.swift"; sourceTree = "<group>"; };
		C663588B1E75A54C0007CCE0 /* IQUITextFieldView+Additions.swift */ = {isa = PBXFileReference; fileEncoding = 4; lastKnownFileType = sourcecode.swift; path = "IQUITextFieldView+Additions.swift"; sourceTree = "<group>"; };
		C663588C1E75A54C0007CCE0 /* IQUIView+Hierarchy.swift */ = {isa = PBXFileReference; fileEncoding = 4; lastKnownFileType = sourcecode.swift; path = "IQUIView+Hierarchy.swift"; sourceTree = "<group>"; };
		C663588D1E75A54C0007CCE0 /* IQUIViewController+Additions.swift */ = {isa = PBXFileReference; fileEncoding = 4; lastKnownFileType = sourcecode.swift; path = "IQUIViewController+Additions.swift"; sourceTree = "<group>"; };
		C663588E1E75A54C0007CCE0 /* IQUIWindow+Hierarchy.swift */ = {isa = PBXFileReference; fileEncoding = 4; lastKnownFileType = sourcecode.swift; path = "IQUIWindow+Hierarchy.swift"; sourceTree = "<group>"; };
		C66358901E75A54C0007CCE0 /* IQKeyboardManagerConstants.swift */ = {isa = PBXFileReference; fileEncoding = 4; lastKnownFileType = sourcecode.swift; path = IQKeyboardManagerConstants.swift; sourceTree = "<group>"; };
		C66358911E75A54C0007CCE0 /* IQKeyboardManagerConstantsInternal.swift */ = {isa = PBXFileReference; fileEncoding = 4; lastKnownFileType = sourcecode.swift; path = IQKeyboardManagerConstantsInternal.swift; sourceTree = "<group>"; };
		C66358921E75A54C0007CCE0 /* IQKeyboardManager.swift */ = {isa = PBXFileReference; fileEncoding = 4; lastKnownFileType = sourcecode.swift; path = IQKeyboardManager.swift; sourceTree = "<group>"; };
		C66358931E75A54C0007CCE0 /* IQKeyboardManagerSwift.h */ = {isa = PBXFileReference; fileEncoding = 4; lastKnownFileType = sourcecode.c.h; path = IQKeyboardManagerSwift.h; sourceTree = "<group>"; };
		C66358941E75A54C0007CCE0 /* IQKeyboardReturnKeyHandler.swift */ = {isa = PBXFileReference; fileEncoding = 4; lastKnownFileType = sourcecode.swift; path = IQKeyboardReturnKeyHandler.swift; sourceTree = "<group>"; };
		C66358961E75A54C0007CCE0 /* IQTextView.swift */ = {isa = PBXFileReference; fileEncoding = 4; lastKnownFileType = sourcecode.swift; path = IQTextView.swift; sourceTree = "<group>"; };
		C66358981E75A54C0007CCE0 /* IQBarButtonItem.swift */ = {isa = PBXFileReference; fileEncoding = 4; lastKnownFileType = sourcecode.swift; path = IQBarButtonItem.swift; sourceTree = "<group>"; };
		C66358991E75A54C0007CCE0 /* IQPreviousNextView.swift */ = {isa = PBXFileReference; fileEncoding = 4; lastKnownFileType = sourcecode.swift; path = IQPreviousNextView.swift; sourceTree = "<group>"; };
		C663589A1E75A54C0007CCE0 /* IQTitleBarButtonItem.swift */ = {isa = PBXFileReference; fileEncoding = 4; lastKnownFileType = sourcecode.swift; path = IQTitleBarButtonItem.swift; sourceTree = "<group>"; };
		C663589B1E75A54C0007CCE0 /* IQToolbar.swift */ = {isa = PBXFileReference; fileEncoding = 4; lastKnownFileType = sourcecode.swift; path = IQToolbar.swift; sourceTree = "<group>"; };
		C663589C1E75A54C0007CCE0 /* IQUIView+IQKeyboardToolbar.swift */ = {isa = PBXFileReference; fileEncoding = 4; lastKnownFileType = sourcecode.swift; path = "IQUIView+IQKeyboardToolbar.swift"; sourceTree = "<group>"; };
		C663589E1E75A54C0007CCE0 /* IQKeyboardManager.bundle */ = {isa = PBXFileReference; lastKnownFileType = "wrapper.plug-in"; path = IQKeyboardManager.bundle; sourceTree = "<group>"; };
		C66358B01E75AD4F0007CCE0 /* NewProfileVC.swift */ = {isa = PBXFileReference; fileEncoding = 4; lastKnownFileType = sourcecode.swift; path = NewProfileVC.swift; sourceTree = "<group>"; };
		C6936B201E6F9ED100A937C9 /* SnapSkate.app */ = {isa = PBXFileReference; explicitFileType = wrapper.application; includeInIndex = 0; path = SnapSkate.app; sourceTree = BUILT_PRODUCTS_DIR; };
		C6936B231E6F9ED100A937C9 /* AppDelegate.swift */ = {isa = PBXFileReference; lastKnownFileType = sourcecode.swift; path = AppDelegate.swift; sourceTree = "<group>"; };
		C6936B251E6F9ED100A937C9 /* MapVC.swift */ = {isa = PBXFileReference; lastKnownFileType = sourcecode.swift; path = MapVC.swift; sourceTree = "<group>"; };
		C6936B281E6F9ED100A937C9 /* Base */ = {isa = PBXFileReference; lastKnownFileType = file.storyboard; name = Base; path = Base.lproj/Main.storyboard; sourceTree = "<group>"; };
		C6936B2A1E6F9ED100A937C9 /* Assets.xcassets */ = {isa = PBXFileReference; lastKnownFileType = folder.assetcatalog; path = Assets.xcassets; sourceTree = "<group>"; };
		C6936B2D1E6F9ED100A937C9 /* Base */ = {isa = PBXFileReference; lastKnownFileType = file.storyboard; name = Base; path = Base.lproj/LaunchScreen.storyboard; sourceTree = "<group>"; };
		C6936B2F1E6F9ED100A937C9 /* Info.plist */ = {isa = PBXFileReference; lastKnownFileType = text.plist.xml; path = Info.plist; sourceTree = "<group>"; };
		C6936B341E6F9ED200A937C9 /* SnapSkateTests.xctest */ = {isa = PBXFileReference; explicitFileType = wrapper.cfbundle; includeInIndex = 0; path = SnapSkateTests.xctest; sourceTree = BUILT_PRODUCTS_DIR; };
		C6936B381E6F9ED200A937C9 /* SnapSkateTests.swift */ = {isa = PBXFileReference; lastKnownFileType = sourcecode.swift; path = SnapSkateTests.swift; sourceTree = "<group>"; };
		C6936B3A1E6F9ED200A937C9 /* Info.plist */ = {isa = PBXFileReference; lastKnownFileType = text.plist.xml; path = Info.plist; sourceTree = "<group>"; };
		C6936B3F1E6F9ED200A937C9 /* SnapSkateUITests.xctest */ = {isa = PBXFileReference; explicitFileType = wrapper.cfbundle; includeInIndex = 0; path = SnapSkateUITests.xctest; sourceTree = BUILT_PRODUCTS_DIR; };
		C6936B431E6F9ED200A937C9 /* SnapSkateUITests.swift */ = {isa = PBXFileReference; lastKnownFileType = sourcecode.swift; path = SnapSkateUITests.swift; sourceTree = "<group>"; };
		C6936B451E6F9ED200A937C9 /* Info.plist */ = {isa = PBXFileReference; lastKnownFileType = text.plist.xml; path = Info.plist; sourceTree = "<group>"; };
		C6936B511E70EAC300A937C9 /* SkateSpot.swift */ = {isa = PBXFileReference; fileEncoding = 4; lastKnownFileType = sourcecode.swift; path = SkateSpot.swift; sourceTree = "<group>"; };
		C6936B531E70EFB100A937C9 /* MapViewVC.swift */ = {isa = PBXFileReference; fileEncoding = 4; lastKnownFileType = sourcecode.swift; path = MapViewVC.swift; sourceTree = "<group>"; };
		C6936B551E72320700A937C9 /* DetailVC.swift */ = {isa = PBXFileReference; fileEncoding = 4; lastKnownFileType = sourcecode.swift; path = DetailVC.swift; sourceTree = "<group>"; };
		C6936B571E74833C00A937C9 /* GoogleService-Info.plist */ = {isa = PBXFileReference; fileEncoding = 4; lastKnownFileType = text.plist.xml; path = "GoogleService-Info.plist"; sourceTree = "<group>"; };
		C6B88CD51E86F78100DA40DA /* ImagesCell.swift */ = {isa = PBXFileReference; fileEncoding = 4; lastKnownFileType = sourcecode.swift; path = ImagesCell.swift; sourceTree = "<group>"; };
		C6B88CD71E86F7C300DA40DA /* ImagesCVC.swift */ = {isa = PBXFileReference; fileEncoding = 4; lastKnownFileType = sourcecode.swift; path = ImagesCVC.swift; sourceTree = "<group>"; };
		C6CEC80C1E74848500643992 /* DataServices.swift */ = {isa = PBXFileReference; fileEncoding = 4; lastKnownFileType = sourcecode.swift; path = DataServices.swift; sourceTree = "<group>"; };
		C6CEC80E1E74860B00643992 /* SnapSkate.entitlements */ = {isa = PBXFileReference; lastKnownFileType = text.plist.entitlements; path = SnapSkate.entitlements; sourceTree = "<group>"; };
		C6F4FFB01EC160A8002A6F43 /* CommentsVC.swift */ = {isa = PBXFileReference; fileEncoding = 4; lastKnownFileType = sourcecode.swift; path = CommentsVC.swift; sourceTree = "<group>"; };
		E94E1F5D68D363805EAFF053 /* Pods-SnapSkate.debug.xcconfig */ = {isa = PBXFileReference; includeInIndex = 1; lastKnownFileType = text.xcconfig; name = "Pods-SnapSkate.debug.xcconfig"; path = "Pods/Target Support Files/Pods-SnapSkate/Pods-SnapSkate.debug.xcconfig"; sourceTree = "<group>"; };
/* End PBXFileReference section */

/* Begin PBXFrameworksBuildPhase section */
		C6936B1D1E6F9ED100A937C9 /* Frameworks */ = {
			isa = PBXFrameworksBuildPhase;
			buildActionMask = 2147483647;
			files = (
				6DAD91DA5727FDE66E91AB0F /* Pods_SnapSkate.framework in Frameworks */,
			);
			runOnlyForDeploymentPostprocessing = 0;
		};
		C6936B311E6F9ED200A937C9 /* Frameworks */ = {
			isa = PBXFrameworksBuildPhase;
			buildActionMask = 2147483647;
			files = (
			);
			runOnlyForDeploymentPostprocessing = 0;
		};
		C6936B3C1E6F9ED200A937C9 /* Frameworks */ = {
			isa = PBXFrameworksBuildPhase;
			buildActionMask = 2147483647;
			files = (
			);
			runOnlyForDeploymentPostprocessing = 0;
		};
/* End PBXFrameworksBuildPhase section */

/* Begin PBXGroup section */
		7A0C8BF4DD965AF983E93B13 /* Frameworks */ = {
			isa = PBXGroup;
			children = (
				0A06D9E761526FC3F301950A /* Pods_SnapSkate.framework */,
			);
			name = Frameworks;
			sourceTree = "<group>";
		};
		81B06ACE89610E646C1474F4 /* Pods */ = {
			isa = PBXGroup;
			children = (
				E94E1F5D68D363805EAFF053 /* Pods-SnapSkate.debug.xcconfig */,
				0545E306E8D15716266B7637 /* Pods-SnapSkate.release.xcconfig */,
			);
			name = Pods;
			sourceTree = "<group>";
		};
		C6621DE01E764984005998A9 /* Model */ = {
			isa = PBXGroup;
			children = (
				C6936B2F1E6F9ED100A937C9 /* Info.plist */,
				C6936B571E74833C00A937C9 /* GoogleService-Info.plist */,
				C6CEC80E1E74860B00643992 /* SnapSkate.entitlements */,
				C6CEC80C1E74848500643992 /* DataServices.swift */,
				C6936B511E70EAC300A937C9 /* SkateSpot.swift */,
				C6621DE31E764B53005998A9 /* FirebaseData.swift */,
			);
			name = Model;
			sourceTree = "<group>";
		};
		C6621DE11E764996005998A9 /* View */ = {
			isa = PBXGroup;
			children = (
				C6B88CD51E86F78100DA40DA /* ImagesCell.swift */,
				C63A5E1E1E9B00EF00CC21F7 /* FeedCell.swift */,
				C66217791EC2C310001FDF46 /* CommentsCell.swift */,
			);
			name = View;
			sourceTree = "<group>";
		};
		C6621DE21E764A74005998A9 /* Controllers */ = {
			isa = PBXGroup;
			children = (
				C6936B251E6F9ED100A937C9 /* MapVC.swift */,
				C6936B531E70EFB100A937C9 /* MapViewVC.swift */,
				C6936B551E72320700A937C9 /* DetailVC.swift */,
				C63369A91E748D8D00214851 /* LoginVC.swift */,
				C63369AD1E74ED2000214851 /* ProfileVC.swift */,
				C66358B01E75AD4F0007CCE0 /* NewProfileVC.swift */,
				C6B88CD71E86F7C300DA40DA /* ImagesCVC.swift */,
				C61E1D901E95C0E900D556B5 /* PostVC.swift */,
				C63A5E1C1E971EFC00CC21F7 /* FeedVC.swift */,
				C6F4FFB01EC160A8002A6F43 /* CommentsVC.swift */,
			);
			name = Controllers;
			sourceTree = "<group>";
		};
		C66358871E75A54C0007CCE0 /* IQKeyboardManagerSwift */ = {
			isa = PBXGroup;
			children = (
				C66358881E75A54C0007CCE0 /* Categories */,
				C663588F1E75A54C0007CCE0 /* Constants */,
				C66358921E75A54C0007CCE0 /* IQKeyboardManager.swift */,
				C66358931E75A54C0007CCE0 /* IQKeyboardManagerSwift.h */,
				C66358941E75A54C0007CCE0 /* IQKeyboardReturnKeyHandler.swift */,
				C66358951E75A54C0007CCE0 /* IQTextView */,
				C66358971E75A54C0007CCE0 /* IQToolbar */,
				C663589D1E75A54C0007CCE0 /* Resources */,
			);
			path = IQKeyboardManagerSwift;
			sourceTree = "<group>";
		};
		C66358881E75A54C0007CCE0 /* Categories */ = {
			isa = PBXGroup;
			children = (
				C66358891E75A54C0007CCE0 /* IQNSArray+Sort.swift */,
				C663588A1E75A54C0007CCE0 /* IQUIScrollView+Additions.swift */,
				C663588B1E75A54C0007CCE0 /* IQUITextFieldView+Additions.swift */,
				C663588C1E75A54C0007CCE0 /* IQUIView+Hierarchy.swift */,
				C663588D1E75A54C0007CCE0 /* IQUIViewController+Additions.swift */,
				C663588E1E75A54C0007CCE0 /* IQUIWindow+Hierarchy.swift */,
			);
			path = Categories;
			sourceTree = "<group>";
		};
		C663588F1E75A54C0007CCE0 /* Constants */ = {
			isa = PBXGroup;
			children = (
				C66358901E75A54C0007CCE0 /* IQKeyboardManagerConstants.swift */,
				C66358911E75A54C0007CCE0 /* IQKeyboardManagerConstantsInternal.swift */,
			);
			path = Constants;
			sourceTree = "<group>";
		};
		C66358951E75A54C0007CCE0 /* IQTextView */ = {
			isa = PBXGroup;
			children = (
				C66358961E75A54C0007CCE0 /* IQTextView.swift */,
			);
			path = IQTextView;
			sourceTree = "<group>";
		};
		C66358971E75A54C0007CCE0 /* IQToolbar */ = {
			isa = PBXGroup;
			children = (
				C66358981E75A54C0007CCE0 /* IQBarButtonItem.swift */,
				C66358991E75A54C0007CCE0 /* IQPreviousNextView.swift */,
				C663589A1E75A54C0007CCE0 /* IQTitleBarButtonItem.swift */,
				C663589B1E75A54C0007CCE0 /* IQToolbar.swift */,
				C663589C1E75A54C0007CCE0 /* IQUIView+IQKeyboardToolbar.swift */,
			);
			path = IQToolbar;
			sourceTree = "<group>";
		};
		C663589D1E75A54C0007CCE0 /* Resources */ = {
			isa = PBXGroup;
			children = (
				C663589E1E75A54C0007CCE0 /* IQKeyboardManager.bundle */,
			);
			path = Resources;
			sourceTree = "<group>";
		};
		C6936B171E6F9ED100A937C9 = {
			isa = PBXGroup;
			children = (
				C6936B221E6F9ED100A937C9 /* SnapSkate */,
				C6936B371E6F9ED200A937C9 /* SnapSkateTests */,
				C6936B421E6F9ED200A937C9 /* SnapSkateUITests */,
				C6936B211E6F9ED100A937C9 /* Products */,
				81B06ACE89610E646C1474F4 /* Pods */,
				7A0C8BF4DD965AF983E93B13 /* Frameworks */,
			);
			sourceTree = "<group>";
		};
		C6936B211E6F9ED100A937C9 /* Products */ = {
			isa = PBXGroup;
			children = (
				C6936B201E6F9ED100A937C9 /* SnapSkate.app */,
				C6936B341E6F9ED200A937C9 /* SnapSkateTests.xctest */,
				C6936B3F1E6F9ED200A937C9 /* SnapSkateUITests.xctest */,
			);
			name = Products;
			sourceTree = "<group>";
		};
		C6936B221E6F9ED100A937C9 /* SnapSkate */ = {
			isa = PBXGroup;
			children = (
				C6621DE11E764996005998A9 /* View */,
				C6621DE01E764984005998A9 /* Model */,
				C6621DE21E764A74005998A9 /* Controllers */,
				C6936B231E6F9ED100A937C9 /* AppDelegate.swift */,
				C6936B271E6F9ED100A937C9 /* Main.storyboard */,
				C6936B2A1E6F9ED100A937C9 /* Assets.xcassets */,
				C6936B2C1E6F9ED100A937C9 /* LaunchScreen.storyboard */,
				C66358871E75A54C0007CCE0 /* IQKeyboardManagerSwift */,
			);
			path = SnapSkate;
			sourceTree = "<group>";
		};
		C6936B371E6F9ED200A937C9 /* SnapSkateTests */ = {
			isa = PBXGroup;
			children = (
				C6936B381E6F9ED200A937C9 /* SnapSkateTests.swift */,
				C6936B3A1E6F9ED200A937C9 /* Info.plist */,
			);
			path = SnapSkateTests;
			sourceTree = "<group>";
		};
		C6936B421E6F9ED200A937C9 /* SnapSkateUITests */ = {
			isa = PBXGroup;
			children = (
				C6936B431E6F9ED200A937C9 /* SnapSkateUITests.swift */,
				C6936B451E6F9ED200A937C9 /* Info.plist */,
			);
			path = SnapSkateUITests;
			sourceTree = "<group>";
		};
/* End PBXGroup section */

/* Begin PBXNativeTarget section */
		C6936B1F1E6F9ED100A937C9 /* SnapSkate */ = {
			isa = PBXNativeTarget;
			buildConfigurationList = C6936B481E6F9ED200A937C9 /* Build configuration list for PBXNativeTarget "SnapSkate" */;
			buildPhases = (
				C71C78BB30F9CF3C27084E54 /* [CP] Check Pods Manifest.lock */,
				C6936B1C1E6F9ED100A937C9 /* Sources */,
				C6936B1D1E6F9ED100A937C9 /* Frameworks */,
				C6936B1E1E6F9ED100A937C9 /* Resources */,
				E82AFD5B9271764F970E39F8 /* [CP] Embed Pods Frameworks */,
				B8FE26E2F62FE11E3B81687A /* [CP] Copy Pods Resources */,
			);
			buildRules = (
			);
			dependencies = (
			);
			name = SnapSkate;
			productName = SnapSkate;
			productReference = C6936B201E6F9ED100A937C9 /* SnapSkate.app */;
			productType = "com.apple.product-type.application";
		};
		C6936B331E6F9ED200A937C9 /* SnapSkateTests */ = {
			isa = PBXNativeTarget;
			buildConfigurationList = C6936B4B1E6F9ED200A937C9 /* Build configuration list for PBXNativeTarget "SnapSkateTests" */;
			buildPhases = (
				C6936B301E6F9ED200A937C9 /* Sources */,
				C6936B311E6F9ED200A937C9 /* Frameworks */,
				C6936B321E6F9ED200A937C9 /* Resources */,
			);
			buildRules = (
			);
			dependencies = (
				C6936B361E6F9ED200A937C9 /* PBXTargetDependency */,
			);
			name = SnapSkateTests;
			productName = SnapSkateTests;
			productReference = C6936B341E6F9ED200A937C9 /* SnapSkateTests.xctest */;
			productType = "com.apple.product-type.bundle.unit-test";
		};
		C6936B3E1E6F9ED200A937C9 /* SnapSkateUITests */ = {
			isa = PBXNativeTarget;
			buildConfigurationList = C6936B4E1E6F9ED200A937C9 /* Build configuration list for PBXNativeTarget "SnapSkateUITests" */;
			buildPhases = (
				C6936B3B1E6F9ED200A937C9 /* Sources */,
				C6936B3C1E6F9ED200A937C9 /* Frameworks */,
				C6936B3D1E6F9ED200A937C9 /* Resources */,
			);
			buildRules = (
			);
			dependencies = (
				C6936B411E6F9ED200A937C9 /* PBXTargetDependency */,
			);
			name = SnapSkateUITests;
			productName = SnapSkateUITests;
			productReference = C6936B3F1E6F9ED200A937C9 /* SnapSkateUITests.xctest */;
			productType = "com.apple.product-type.bundle.ui-testing";
		};
/* End PBXNativeTarget section */

/* Begin PBXProject section */
		C6936B181E6F9ED100A937C9 /* Project object */ = {
			isa = PBXProject;
			attributes = {
				LastSwiftUpdateCheck = 0820;
				LastUpgradeCheck = 0820;
				ORGANIZATIONNAME = "Nathan Brewer";
				TargetAttributes = {
					C6936B1F1E6F9ED100A937C9 = {
						CreatedOnToolsVersion = 8.2.1;
						DevelopmentTeam = L9N5DJLS38;
						ProvisioningStyle = Automatic;
						SystemCapabilities = {
							com.apple.Keychain = {
								enabled = 1;
							};
						};
					};
					C6936B331E6F9ED200A937C9 = {
						CreatedOnToolsVersion = 8.2.1;
						DevelopmentTeam = L9N5DJLS38;
						ProvisioningStyle = Automatic;
						TestTargetID = C6936B1F1E6F9ED100A937C9;
					};
					C6936B3E1E6F9ED200A937C9 = {
						CreatedOnToolsVersion = 8.2.1;
						DevelopmentTeam = L9N5DJLS38;
						ProvisioningStyle = Automatic;
						TestTargetID = C6936B1F1E6F9ED100A937C9;
					};
				};
			};
			buildConfigurationList = C6936B1B1E6F9ED100A937C9 /* Build configuration list for PBXProject "SnapSkate" */;
			compatibilityVersion = "Xcode 3.2";
			developmentRegion = English;
			hasScannedForEncodings = 0;
			knownRegions = (
				en,
				Base,
			);
			mainGroup = C6936B171E6F9ED100A937C9;
			productRefGroup = C6936B211E6F9ED100A937C9 /* Products */;
			projectDirPath = "";
			projectRoot = "";
			targets = (
				C6936B1F1E6F9ED100A937C9 /* SnapSkate */,
				C6936B331E6F9ED200A937C9 /* SnapSkateTests */,
				C6936B3E1E6F9ED200A937C9 /* SnapSkateUITests */,
			);
		};
/* End PBXProject section */

/* Begin PBXResourcesBuildPhase section */
		C6936B1E1E6F9ED100A937C9 /* Resources */ = {
			isa = PBXResourcesBuildPhase;
			buildActionMask = 2147483647;
			files = (
				C66358AF1E75A54C0007CCE0 /* IQKeyboardManager.bundle in Resources */,
				C6936B2E1E6F9ED100A937C9 /* LaunchScreen.storyboard in Resources */,
				C6936B2B1E6F9ED100A937C9 /* Assets.xcassets in Resources */,
				C6936B291E6F9ED100A937C9 /* Main.storyboard in Resources */,
				C6936B581E74833C00A937C9 /* GoogleService-Info.plist in Resources */,
			);
			runOnlyForDeploymentPostprocessing = 0;
		};
		C6936B321E6F9ED200A937C9 /* Resources */ = {
			isa = PBXResourcesBuildPhase;
			buildActionMask = 2147483647;
			files = (
			);
			runOnlyForDeploymentPostprocessing = 0;
		};
		C6936B3D1E6F9ED200A937C9 /* Resources */ = {
			isa = PBXResourcesBuildPhase;
			buildActionMask = 2147483647;
			files = (
			);
			runOnlyForDeploymentPostprocessing = 0;
		};
/* End PBXResourcesBuildPhase section */

/* Begin PBXShellScriptBuildPhase section */
		B8FE26E2F62FE11E3B81687A /* [CP] Copy Pods Resources */ = {
			isa = PBXShellScriptBuildPhase;
			buildActionMask = 2147483647;
			files = (
			);
			inputPaths = (
			);
			name = "[CP] Copy Pods Resources";
			outputPaths = (
			);
			runOnlyForDeploymentPostprocessing = 0;
			shellPath = /bin/sh;
			shellScript = "\"${SRCROOT}/Pods/Target Support Files/Pods-SnapSkate/Pods-SnapSkate-resources.sh\"\n";
			showEnvVarsInLog = 0;
		};
		C71C78BB30F9CF3C27084E54 /* [CP] Check Pods Manifest.lock */ = {
			isa = PBXShellScriptBuildPhase;
			buildActionMask = 2147483647;
			files = (
			);
			inputPaths = (
			);
			name = "[CP] Check Pods Manifest.lock";
			outputPaths = (
			);
			runOnlyForDeploymentPostprocessing = 0;
			shellPath = /bin/sh;
			shellScript = "diff \"${PODS_ROOT}/../Podfile.lock\" \"${PODS_ROOT}/Manifest.lock\" > /dev/null\nif [ $? != 0 ] ; then\n    # print error to STDERR\n    echo \"error: The sandbox is not in sync with the Podfile.lock. Run 'pod install' or update your CocoaPods installation.\" >&2\n    exit 1\nfi\n";
			showEnvVarsInLog = 0;
		};
		E82AFD5B9271764F970E39F8 /* [CP] Embed Pods Frameworks */ = {
			isa = PBXShellScriptBuildPhase;
			buildActionMask = 2147483647;
			files = (
			);
			inputPaths = (
			);
			name = "[CP] Embed Pods Frameworks";
			outputPaths = (
			);
			runOnlyForDeploymentPostprocessing = 0;
			shellPath = /bin/sh;
			shellScript = "\"${SRCROOT}/Pods/Target Support Files/Pods-SnapSkate/Pods-SnapSkate-frameworks.sh\"\n";
			showEnvVarsInLog = 0;
		};
/* End PBXShellScriptBuildPhase section */

/* Begin PBXSourcesBuildPhase section */
		C6936B1C1E6F9ED100A937C9 /* Sources */ = {
			isa = PBXSourcesBuildPhase;
			buildActionMask = 2147483647;
			files = (
				C66358A41E75A54C0007CCE0 /* IQUIWindow+Hierarchy.swift in Sources */,
				C66358A01E75A54C0007CCE0 /* IQUIScrollView+Additions.swift in Sources */,
				C6936B561E72320700A937C9 /* DetailVC.swift in Sources */,
				C66358A11E75A54C0007CCE0 /* IQUITextFieldView+Additions.swift in Sources */,
				C6B88CD61E86F78100DA40DA /* ImagesCell.swift in Sources */,
				C66358A91E75A54C0007CCE0 /* IQTextView.swift in Sources */,
				C66358AB1E75A54C0007CCE0 /* IQPreviousNextView.swift in Sources */,
				C66358B11E75AD4F0007CCE0 /* NewProfileVC.swift in Sources */,
				C6936B541E70EFB100A937C9 /* MapViewVC.swift in Sources */,
				C66358A71E75A54C0007CCE0 /* IQKeyboardManager.swift in Sources */,
				C6F4FFB11EC160A8002A6F43 /* CommentsVC.swift in Sources */,
				C63369AE1E74ED2000214851 /* ProfileVC.swift in Sources */,
				C66358AC1E75A54C0007CCE0 /* IQTitleBarButtonItem.swift in Sources */,
				C63A5E1D1E971EFC00CC21F7 /* FeedVC.swift in Sources */,
				C61E1D911E95C0E900D556B5 /* PostVC.swift in Sources */,
				C6B88CD81E86F7C300DA40DA /* ImagesCVC.swift in Sources */,
				C66358AA1E75A54C0007CCE0 /* IQBarButtonItem.swift in Sources */,
				C63369AA1E748D8D00214851 /* LoginVC.swift in Sources */,
				C66358AE1E75A54C0007CCE0 /* IQUIView+IQKeyboardToolbar.swift in Sources */,
				C66358A21E75A54C0007CCE0 /* IQUIView+Hierarchy.swift in Sources */,
				C6936B521E70EAC300A937C9 /* SkateSpot.swift in Sources */,
				C663589F1E75A54C0007CCE0 /* IQNSArray+Sort.swift in Sources */,
				C6621DE41E764B53005998A9 /* FirebaseData.swift in Sources */,
				C63A5E1F1E9B00EF00CC21F7 /* FeedCell.swift in Sources */,
				C66358A31E75A54C0007CCE0 /* IQUIViewController+Additions.swift in Sources */,
				C66358A51E75A54C0007CCE0 /* IQKeyboardManagerConstants.swift in Sources */,
				C6CEC80D1E74848500643992 /* DataServices.swift in Sources */,
				C6936B261E6F9ED100A937C9 /* MapVC.swift in Sources */,
				C662177A1EC2C311001FDF46 /* CommentsCell.swift in Sources */,
				C66358A81E75A54C0007CCE0 /* IQKeyboardReturnKeyHandler.swift in Sources */,
				C6936B241E6F9ED100A937C9 /* AppDelegate.swift in Sources */,
				C66358A61E75A54C0007CCE0 /* IQKeyboardManagerConstantsInternal.swift in Sources */,
				C66358AD1E75A54C0007CCE0 /* IQToolbar.swift in Sources */,
			);
			runOnlyForDeploymentPostprocessing = 0;
		};
		C6936B301E6F9ED200A937C9 /* Sources */ = {
			isa = PBXSourcesBuildPhase;
			buildActionMask = 2147483647;
			files = (
				C6936B391E6F9ED200A937C9 /* SnapSkateTests.swift in Sources */,
			);
			runOnlyForDeploymentPostprocessing = 0;
		};
		C6936B3B1E6F9ED200A937C9 /* Sources */ = {
			isa = PBXSourcesBuildPhase;
			buildActionMask = 2147483647;
			files = (
				C6936B441E6F9ED200A937C9 /* SnapSkateUITests.swift in Sources */,
			);
			runOnlyForDeploymentPostprocessing = 0;
		};
/* End PBXSourcesBuildPhase section */

/* Begin PBXTargetDependency section */
		C6936B361E6F9ED200A937C9 /* PBXTargetDependency */ = {
			isa = PBXTargetDependency;
			target = C6936B1F1E6F9ED100A937C9 /* SnapSkate */;
			targetProxy = C6936B351E6F9ED200A937C9 /* PBXContainerItemProxy */;
		};
		C6936B411E6F9ED200A937C9 /* PBXTargetDependency */ = {
			isa = PBXTargetDependency;
			target = C6936B1F1E6F9ED100A937C9 /* SnapSkate */;
			targetProxy = C6936B401E6F9ED200A937C9 /* PBXContainerItemProxy */;
		};
/* End PBXTargetDependency section */

/* Begin PBXVariantGroup section */
		C6936B271E6F9ED100A937C9 /* Main.storyboard */ = {
			isa = PBXVariantGroup;
			children = (
				C6936B281E6F9ED100A937C9 /* Base */,
			);
			name = Main.storyboard;
			sourceTree = "<group>";
		};
		C6936B2C1E6F9ED100A937C9 /* LaunchScreen.storyboard */ = {
			isa = PBXVariantGroup;
			children = (
				C6936B2D1E6F9ED100A937C9 /* Base */,
			);
			name = LaunchScreen.storyboard;
			sourceTree = "<group>";
		};
/* End PBXVariantGroup section */

/* Begin XCBuildConfiguration section */
		C6936B461E6F9ED200A937C9 /* Debug */ = {
			isa = XCBuildConfiguration;
			buildSettings = {
				ALWAYS_SEARCH_USER_PATHS = NO;
				CLANG_ANALYZER_NONNULL = YES;
				CLANG_CXX_LANGUAGE_STANDARD = "gnu++0x";
				CLANG_CXX_LIBRARY = "libc++";
				CLANG_ENABLE_MODULES = YES;
				CLANG_ENABLE_OBJC_ARC = YES;
				CLANG_WARN_BOOL_CONVERSION = YES;
				CLANG_WARN_CONSTANT_CONVERSION = YES;
				CLANG_WARN_DIRECT_OBJC_ISA_USAGE = YES_ERROR;
				CLANG_WARN_DOCUMENTATION_COMMENTS = YES;
				CLANG_WARN_EMPTY_BODY = YES;
				CLANG_WARN_ENUM_CONVERSION = YES;
				CLANG_WARN_INFINITE_RECURSION = YES;
				CLANG_WARN_INT_CONVERSION = YES;
				CLANG_WARN_OBJC_ROOT_CLASS = YES_ERROR;
				CLANG_WARN_SUSPICIOUS_MOVE = YES;
				CLANG_WARN_UNREACHABLE_CODE = YES;
				CLANG_WARN__DUPLICATE_METHOD_MATCH = YES;
				"CODE_SIGN_IDENTITY[sdk=iphoneos*]" = "iPhone Developer";
				COPY_PHASE_STRIP = NO;
				DEBUG_INFORMATION_FORMAT = dwarf;
				ENABLE_STRICT_OBJC_MSGSEND = YES;
				ENABLE_TESTABILITY = YES;
				GCC_C_LANGUAGE_STANDARD = gnu99;
				GCC_DYNAMIC_NO_PIC = NO;
				GCC_NO_COMMON_BLOCKS = YES;
				GCC_OPTIMIZATION_LEVEL = 0;
				GCC_PREPROCESSOR_DEFINITIONS = (
					"DEBUG=1",
					"$(inherited)",
				);
				GCC_WARN_64_TO_32_BIT_CONVERSION = YES;
				GCC_WARN_ABOUT_RETURN_TYPE = YES_ERROR;
				GCC_WARN_UNDECLARED_SELECTOR = YES;
				GCC_WARN_UNINITIALIZED_AUTOS = YES_AGGRESSIVE;
				GCC_WARN_UNUSED_FUNCTION = YES;
				GCC_WARN_UNUSED_VARIABLE = YES;
				IPHONEOS_DEPLOYMENT_TARGET = 10.1;
				MTL_ENABLE_DEBUG_INFO = YES;
				ONLY_ACTIVE_ARCH = YES;
				SDKROOT = iphoneos;
				SWIFT_ACTIVE_COMPILATION_CONDITIONS = DEBUG;
				SWIFT_OPTIMIZATION_LEVEL = "-Onone";
				TARGETED_DEVICE_FAMILY = "1,2";
			};
			name = Debug;
		};
		C6936B471E6F9ED200A937C9 /* Release */ = {
			isa = XCBuildConfiguration;
			buildSettings = {
				ALWAYS_SEARCH_USER_PATHS = NO;
				CLANG_ANALYZER_NONNULL = YES;
				CLANG_CXX_LANGUAGE_STANDARD = "gnu++0x";
				CLANG_CXX_LIBRARY = "libc++";
				CLANG_ENABLE_MODULES = YES;
				CLANG_ENABLE_OBJC_ARC = YES;
				CLANG_WARN_BOOL_CONVERSION = YES;
				CLANG_WARN_CONSTANT_CONVERSION = YES;
				CLANG_WARN_DIRECT_OBJC_ISA_USAGE = YES_ERROR;
				CLANG_WARN_DOCUMENTATION_COMMENTS = YES;
				CLANG_WARN_EMPTY_BODY = YES;
				CLANG_WARN_ENUM_CONVERSION = YES;
				CLANG_WARN_INFINITE_RECURSION = YES;
				CLANG_WARN_INT_CONVERSION = YES;
				CLANG_WARN_OBJC_ROOT_CLASS = YES_ERROR;
				CLANG_WARN_SUSPICIOUS_MOVE = YES;
				CLANG_WARN_UNREACHABLE_CODE = YES;
				CLANG_WARN__DUPLICATE_METHOD_MATCH = YES;
				"CODE_SIGN_IDENTITY[sdk=iphoneos*]" = "iPhone Developer";
				COPY_PHASE_STRIP = NO;
				DEBUG_INFORMATION_FORMAT = "dwarf-with-dsym";
				ENABLE_NS_ASSERTIONS = NO;
				ENABLE_STRICT_OBJC_MSGSEND = YES;
				GCC_C_LANGUAGE_STANDARD = gnu99;
				GCC_NO_COMMON_BLOCKS = YES;
				GCC_WARN_64_TO_32_BIT_CONVERSION = YES;
				GCC_WARN_ABOUT_RETURN_TYPE = YES_ERROR;
				GCC_WARN_UNDECLARED_SELECTOR = YES;
				GCC_WARN_UNINITIALIZED_AUTOS = YES_AGGRESSIVE;
				GCC_WARN_UNUSED_FUNCTION = YES;
				GCC_WARN_UNUSED_VARIABLE = YES;
				IPHONEOS_DEPLOYMENT_TARGET = 10.1;
				MTL_ENABLE_DEBUG_INFO = NO;
				SDKROOT = iphoneos;
				SWIFT_OPTIMIZATION_LEVEL = "-Owholemodule";
				TARGETED_DEVICE_FAMILY = "1,2";
				VALIDATE_PRODUCT = YES;
			};
			name = Release;
		};
		C6936B491E6F9ED200A937C9 /* Debug */ = {
			isa = XCBuildConfiguration;
			baseConfigurationReference = E94E1F5D68D363805EAFF053 /* Pods-SnapSkate.debug.xcconfig */;
			buildSettings = {
				ASSETCATALOG_COMPILER_APPICON_NAME = AppIcon;
				CODE_SIGN_ENTITLEMENTS = SnapSkate/SnapSkate.entitlements;
				DEVELOPMENT_TEAM = L9N5DJLS38;
				INFOPLIST_FILE = SnapSkate/Info.plist;
				IPHONEOS_DEPLOYMENT_TARGET = 10.1;
				LD_RUNPATH_SEARCH_PATHS = "$(inherited) @executable_path/Frameworks";
				PRODUCT_BUNDLE_IDENTIFIER = com.nathan.SnapSkate;
				PRODUCT_NAME = "$(TARGET_NAME)";
				SWIFT_VERSION = 3.0;
			};
			name = Debug;
		};
		C6936B4A1E6F9ED200A937C9 /* Release */ = {
			isa = XCBuildConfiguration;
			baseConfigurationReference = 0545E306E8D15716266B7637 /* Pods-SnapSkate.release.xcconfig */;
			buildSettings = {
				ASSETCATALOG_COMPILER_APPICON_NAME = AppIcon;
				CODE_SIGN_ENTITLEMENTS = SnapSkate/SnapSkate.entitlements;
				DEVELOPMENT_TEAM = L9N5DJLS38;
				INFOPLIST_FILE = SnapSkate/Info.plist;
				IPHONEOS_DEPLOYMENT_TARGET = 10.1;
				LD_RUNPATH_SEARCH_PATHS = "$(inherited) @executable_path/Frameworks";
				PRODUCT_BUNDLE_IDENTIFIER = com.nathan.SnapSkate;
				PRODUCT_NAME = "$(TARGET_NAME)";
				SWIFT_VERSION = 3.0;
			};
			name = Release;
		};
		C6936B4C1E6F9ED200A937C9 /* Debug */ = {
			isa = XCBuildConfiguration;
			buildSettings = {
				ALWAYS_EMBED_SWIFT_STANDARD_LIBRARIES = YES;
				BUNDLE_LOADER = "$(TEST_HOST)";
				DEVELOPMENT_TEAM = L9N5DJLS38;
				INFOPLIST_FILE = SnapSkateTests/Info.plist;
				LD_RUNPATH_SEARCH_PATHS = "$(inherited) @executable_path/Frameworks @loader_path/Frameworks";
				PRODUCT_BUNDLE_IDENTIFIER = com.nathan.SnapSkateTests;
				PRODUCT_NAME = "$(TARGET_NAME)";
				SWIFT_VERSION = 3.0;
				TEST_HOST = "$(BUILT_PRODUCTS_DIR)/SnapSkate.app/SnapSkate";
			};
			name = Debug;
		};
		C6936B4D1E6F9ED200A937C9 /* Release */ = {
			isa = XCBuildConfiguration;
			buildSettings = {
				ALWAYS_EMBED_SWIFT_STANDARD_LIBRARIES = YES;
				BUNDLE_LOADER = "$(TEST_HOST)";
				DEVELOPMENT_TEAM = L9N5DJLS38;
				INFOPLIST_FILE = SnapSkateTests/Info.plist;
				LD_RUNPATH_SEARCH_PATHS = "$(inherited) @executable_path/Frameworks @loader_path/Frameworks";
				PRODUCT_BUNDLE_IDENTIFIER = com.nathan.SnapSkateTests;
				PRODUCT_NAME = "$(TARGET_NAME)";
				SWIFT_VERSION = 3.0;
				TEST_HOST = "$(BUILT_PRODUCTS_DIR)/SnapSkate.app/SnapSkate";
			};
			name = Release;
		};
		C6936B4F1E6F9ED200A937C9 /* Debug */ = {
			isa = XCBuildConfiguration;
			buildSettings = {
				ALWAYS_EMBED_SWIFT_STANDARD_LIBRARIES = YES;
				DEVELOPMENT_TEAM = L9N5DJLS38;
				INFOPLIST_FILE = SnapSkateUITests/Info.plist;
				LD_RUNPATH_SEARCH_PATHS = "$(inherited) @executable_path/Frameworks @loader_path/Frameworks";
				PRODUCT_BUNDLE_IDENTIFIER = com.nathan.SnapSkateUITests;
				PRODUCT_NAME = "$(TARGET_NAME)";
				SWIFT_VERSION = 3.0;
				TEST_TARGET_NAME = SnapSkate;
			};
			name = Debug;
		};
		C6936B501E6F9ED200A937C9 /* Release */ = {
			isa = XCBuildConfiguration;
			buildSettings = {
				ALWAYS_EMBED_SWIFT_STANDARD_LIBRARIES = YES;
				DEVELOPMENT_TEAM = L9N5DJLS38;
				INFOPLIST_FILE = SnapSkateUITests/Info.plist;
				LD_RUNPATH_SEARCH_PATHS = "$(inherited) @executable_path/Frameworks @loader_path/Frameworks";
				PRODUCT_BUNDLE_IDENTIFIER = com.nathan.SnapSkateUITests;
				PRODUCT_NAME = "$(TARGET_NAME)";
				SWIFT_VERSION = 3.0;
				TEST_TARGET_NAME = SnapSkate;
			};
			name = Release;
		};
/* End XCBuildConfiguration section */

/* Begin XCConfigurationList section */
		C6936B1B1E6F9ED100A937C9 /* Build configuration list for PBXProject "SnapSkate" */ = {
			isa = XCConfigurationList;
			buildConfigurations = (
				C6936B461E6F9ED200A937C9 /* Debug */,
				C6936B471E6F9ED200A937C9 /* Release */,
			);
			defaultConfigurationIsVisible = 0;
			defaultConfigurationName = Release;
		};
		C6936B481E6F9ED200A937C9 /* Build configuration list for PBXNativeTarget "SnapSkate" */ = {
			isa = XCConfigurationList;
			buildConfigurations = (
				C6936B491E6F9ED200A937C9 /* Debug */,
				C6936B4A1E6F9ED200A937C9 /* Release */,
			);
			defaultConfigurationIsVisible = 0;
			defaultConfigurationName = Release;
		};
		C6936B4B1E6F9ED200A937C9 /* Build configuration list for PBXNativeTarget "SnapSkateTests" */ = {
			isa = XCConfigurationList;
			buildConfigurations = (
				C6936B4C1E6F9ED200A937C9 /* Debug */,
				C6936B4D1E6F9ED200A937C9 /* Release */,
			);
			defaultConfigurationIsVisible = 0;
			defaultConfigurationName = Release;
		};
		C6936B4E1E6F9ED200A937C9 /* Build configuration list for PBXNativeTarget "SnapSkateUITests" */ = {
			isa = XCConfigurationList;
			buildConfigurations = (
				C6936B4F1E6F9ED200A937C9 /* Debug */,
				C6936B501E6F9ED200A937C9 /* Release */,
			);
			defaultConfigurationIsVisible = 0;
			defaultConfigurationName = Release;
		};
/* End XCConfigurationList section */
	};
	rootObject = C6936B181E6F9ED100A937C9 /* Project object */;
}
