// !$*UTF8*$!
{
	archiveVersion = 1;
	classes = {
	};
	objectVersion = 46;
	objects = {

/* Begin PBXBuildFile section */
		C6936B241E6F9ED100A937C9 /* AppDelegate.swift in Sources */ = {isa = PBXBuildFile; fileRef = C6936B231E6F9ED100A937C9 /* AppDelegate.swift */; };
		C6936B261E6F9ED100A937C9 /* ViewController.swift in Sources */ = {isa = PBXBuildFile; fileRef = C6936B251E6F9ED100A937C9 /* ViewController.swift */; };
		C6936B291E6F9ED100A937C9 /* Main.storyboard in Resources */ = {isa = PBXBuildFile; fileRef = C6936B271E6F9ED100A937C9 /* Main.storyboard */; };
		C6936B2B1E6F9ED100A937C9 /* Assets.xcassets in Resources */ = {isa = PBXBuildFile; fileRef = C6936B2A1E6F9ED100A937C9 /* Assets.xcassets */; };
		C6936B2E1E6F9ED100A937C9 /* LaunchScreen.storyboard in Resources */ = {isa = PBXBuildFile; fileRef = C6936B2C1E6F9ED100A937C9 /* LaunchScreen.storyboard */; };
		C6936B391E6F9ED200A937C9 /* SnapSkateTests.swift in Sources */ = {isa = PBXBuildFile; fileRef = C6936B381E6F9ED200A937C9 /* SnapSkateTests.swift */; };
		C6936B441E6F9ED200A937C9 /* SnapSkateUITests.swift in Sources */ = {isa = PBXBuildFile; fileRef = C6936B431E6F9ED200A937C9 /* SnapSkateUITests.swift */; };
/* End PBXBuildFile section */

/* Begin PBXContainerItemProxy section */
		C6936B351E6F9ED200A937C9 /* PBXContainerItemProxy */ = {
			isa = PBXContainerItemProxy;
			containerPortal = C6936B181E6F9ED100A937C9 /* Project object */;
			proxyType = 1;
			remoteGlobalIDString = C6936B1F1E6F9ED100A937C9;
			remoteInfo = SnapSkate;
		};
		C6936B401E6F9ED200A937C9 /* PBXContainerItemProxy */ = {
			isa = PBXContainerItemProxy;
			containerPortal = C6936B181E6F9ED100A937C9 /* Project object */;
			proxyType = 1;
			remoteGlobalIDString = C6936B1F1E6F9ED100A937C9;
			remoteInfo = SnapSkate;
		};
/* End PBXContainerItemProxy section */

/* Begin PBXFileReference section */
		C6936B201E6F9ED100A937C9 /* SnapSkate.app */ = {isa = PBXFileReference; explicitFileType = wrapper.application; includeInIndex = 0; path = SnapSkate.app; sourceTree = BUILT_PRODUCTS_DIR; };
		C6936B231E6F9ED100A937C9 /* AppDelegate.swift */ = {isa = PBXFileReference; lastKnownFileType = sourcecode.swift; path = AppDelegate.swift; sourceTree = "<group>"; };
		C6936B251E6F9ED100A937C9 /* ViewController.swift */ = {isa = PBXFileReference; lastKnownFileType = sourcecode.swift; path = ViewController.swift; sourceTree = "<group>"; };
		C6936B281E6F9ED100A937C9 /* Base */ = {isa = PBXFileReference; lastKnownFileType = file.storyboard; name = Base; path = Base.lproj/Main.storyboard; sourceTree = "<group>"; };
		C6936B2A1E6F9ED100A937C9 /* Assets.xcassets */ = {isa = PBXFileReference; lastKnownFileType = folder.assetcatalog; path = Assets.xcassets; sourceTree = "<group>"; };
		C6936B2D1E6F9ED100A937C9 /* Base */ = {isa = PBXFileReference; lastKnownFileType = file.storyboard; name = Base; path = Base.lproj/LaunchScreen.storyboard; sourceTree = "<group>"; };
		C6936B2F1E6F9ED100A937C9 /* Info.plist */ = {isa = PBXFileReference; lastKnownFileType = text.plist.xml; path = Info.plist; sourceTree = "<group>"; };
		C6936B341E6F9ED200A937C9 /* SnapSkateTests.xctest */ = {isa = PBXFileReference; explicitFileType = wrapper.cfbundle; includeInIndex = 0; path = SnapSkateTests.xctest; sourceTree = BUILT_PRODUCTS_DIR; };
		C6936B381E6F9ED200A937C9 /* SnapSkateTests.swift */ = {isa = PBXFileReference; lastKnownFileType = sourcecode.swift; path = SnapSkateTests.swift; sourceTree = "<group>"; };
		C6936B3A1E6F9ED200A937C9 /* Info.plist */ = {isa = PBXFileReference; lastKnownFileType = text.plist.xml; path = Info.plist; sourceTree = "<group>"; };
		C6936B3F1E6F9ED200A937C9 /* SnapSkateUITests.xctest */ = {isa = PBXFileReference; explicitFileType = wrapper.cfbundle; includeInIndex = 0; path = SnapSkateUITests.xctest; sourceTree = BUILT_PRODUCTS_DIR; };
		C6936B431E6F9ED200A937C9 /* SnapSkateUITests.swift */ = {isa = PBXFileReference; lastKnownFileType = sourcecode.swift; path = SnapSkateUITests.swift; sourceTree = "<group>"; };
		C6936B451E6F9ED200A937C9 /* Info.plist */ = {isa = PBXFileReference; lastKnownFileType = text.plist.xml; path = Info.plist; sourceTree = "<group>"; };
/* End PBXFileReference section */

/* Begin PBXFrameworksBuildPhase section */
		C6936B1D1E6F9ED100A937C9 /* Frameworks */ = {
			isa = PBXFrameworksBuildPhase;
			buildActionMask = 2147483647;
			files = (
			);
			runOnlyForDeploymentPostprocessing = 0;
		};
		C6936B311E6F9ED200A937C9 /* Frameworks */ = {
			isa = PBXFrameworksBuildPhase;
			buildActionMask = 2147483647;
			files = (
			);
			runOnlyForDeploymentPostprocessing = 0;
		};
		C6936B3C1E6F9ED200A937C9 /* Frameworks */ = {
			isa = PBXFrameworksBuildPhase;
			buildActionMask = 2147483647;
			files = (
			);
			runOnlyForDeploymentPostprocessing = 0;
		};
/* End PBXFrameworksBuildPhase section */

/* Begin PBXGroup section */
		C6936B171E6F9ED100A937C9 = {
			isa = PBXGroup;
			children = (
				C6936B221E6F9ED100A937C9 /* SnapSkate */,
				C6936B371E6F9ED200A937C9 /* SnapSkateTests */,
				C6936B421E6F9ED200A937C9 /* SnapSkateUITests */,
				C6936B211E6F9ED100A937C9 /* Products */,
			);
			sourceTree = "<group>";
		};
		C6936B211E6F9ED100A937C9 /* Products */ = {
			isa = PBXGroup;
			children = (
				C6936B201E6F9ED100A937C9 /* SnapSkate.app */,
				C6936B341E6F9ED200A937C9 /* SnapSkateTests.xctest */,
				C6936B3F1E6F9ED200A937C9 /* SnapSkateUITests.xctest */,
			);
			name = Products;
			sourceTree = "<group>";
		};
		C6936B221E6F9ED100A937C9 /* SnapSkate */ = {
			isa = PBXGroup;
			children = (
				C6936B231E6F9ED100A937C9 /* AppDelegate.swift */,
				C6936B251E6F9ED100A937C9 /* ViewController.swift */,
				C6936B271E6F9ED100A937C9 /* Main.storyboard */,
				C6936B2A1E6F9ED100A937C9 /* Assets.xcassets */,
				C6936B2C1E6F9ED100A937C9 /* LaunchScreen.storyboard */,
				C6936B2F1E6F9ED100A937C9 /* Info.plist */,
			);
			path = SnapSkate;
			sourceTree = "<group>";
		};
		C6936B371E6F9ED200A937C9 /* SnapSkateTests */ = {
			isa = PBXGroup;
			children = (
				C6936B381E6F9ED200A937C9 /* SnapSkateTests.swift */,
				C6936B3A1E6F9ED200A937C9 /* Info.plist */,
			);
			path = SnapSkateTests;
			sourceTree = "<group>";
		};
		C6936B421E6F9ED200A937C9 /* SnapSkateUITests */ = {
			isa = PBXGroup;
			children = (
				C6936B431E6F9ED200A937C9 /* SnapSkateUITests.swift */,
				C6936B451E6F9ED200A937C9 /* Info.plist */,
			);
			path = SnapSkateUITests;
			sourceTree = "<group>";
		};
/* End PBXGroup section */

/* Begin PBXNativeTarget section */
		C6936B1F1E6F9ED100A937C9 /* SnapSkate */ = {
			isa = PBXNativeTarget;
			buildConfigurationList = C6936B481E6F9ED200A937C9 /* Build configuration list for PBXNativeTarget "SnapSkate" */;
			buildPhases = (
				C6936B1C1E6F9ED100A937C9 /* Sources */,
				C6936B1D1E6F9ED100A937C9 /* Frameworks */,
				C6936B1E1E6F9ED100A937C9 /* Resources */,
			);
			buildRules = (
			);
			dependencies = (
			);
			name = SnapSkate;
			productName = SnapSkate;
			productReference = C6936B201E6F9ED100A937C9 /* SnapSkate.app */;
			productType = "com.apple.product-type.application";
		};
		C6936B331E6F9ED200A937C9 /* SnapSkateTests */ = {
			isa = PBXNativeTarget;
			buildConfigurationList = C6936B4B1E6F9ED200A937C9 /* Build configuration list for PBXNativeTarget "SnapSkateTests" */;
			buildPhases = (
				C6936B301E6F9ED200A937C9 /* Sources */,
				C6936B311E6F9ED200A937C9 /* Frameworks */,
				C6936B321E6F9ED200A937C9 /* Resources */,
			);
			buildRules = (
			);
			dependencies = (
				C6936B361E6F9ED200A937C9 /* PBXTargetDependency */,
			);
			name = SnapSkateTests;
			productName = SnapSkateTests;
			productReference = C6936B341E6F9ED200A937C9 /* SnapSkateTests.xctest */;
			productType = "com.apple.product-type.bundle.unit-test";
		};
		C6936B3E1E6F9ED200A937C9 /* SnapSkateUITests */ = {
			isa = PBXNativeTarget;
			buildConfigurationList = C6936B4E1E6F9ED200A937C9 /* Build configuration list for PBXNativeTarget "SnapSkateUITests" */;
			buildPhases = (
				C6936B3B1E6F9ED200A937C9 /* Sources */,
				C6936B3C1E6F9ED200A937C9 /* Frameworks */,
				C6936B3D1E6F9ED200A937C9 /* Resources */,
			);
			buildRules = (
			);
			dependencies = (
				C6936B411E6F9ED200A937C9 /* PBXTargetDependency */,
			);
			name = SnapSkateUITests;
			productName = SnapSkateUITests;
			productReference = C6936B3F1E6F9ED200A937C9 /* SnapSkateUITests.xctest */;
			productType = "com.apple.product-type.bundle.ui-testing";
		};
/* End PBXNativeTarget section */

/* Begin PBXProject section */
		C6936B181E6F9ED100A937C9 /* Project object */ = {
			isa = PBXProject;
			attributes = {
				LastSwiftUpdateCheck = 0820;
				LastUpgradeCheck = 0820;
				ORGANIZATIONNAME = "Nathan Brewer";
				TargetAttributes = {
					C6936B1F1E6F9ED100A937C9 = {
						CreatedOnToolsVersion = 8.2.1;
						DevelopmentTeam = L9N5DJLS38;
						ProvisioningStyle = Automatic;
					};
					C6936B331E6F9ED200A937C9 = {
						CreatedOnToolsVersion = 8.2.1;
						DevelopmentTeam = L9N5DJLS38;
						ProvisioningStyle = Automatic;
						TestTargetID = C6936B1F1E6F9ED100A937C9;
					};
					C6936B3E1E6F9ED200A937C9 = {
						CreatedOnToolsVersion = 8.2.1;
						DevelopmentTeam = L9N5DJLS38;
						ProvisioningStyle = Automatic;
						TestTargetID = C6936B1F1E6F9ED100A937C9;
					};
				};
			};
			buildConfigurationList = C6936B1B1E6F9ED100A937C9 /* Build configuration list for PBXProject "SnapSkate" */;
			compatibilityVersion = "Xcode 3.2";
			developmentRegion = English;
			hasScannedForEncodings = 0;
			knownRegions = (
				en,
				Base,
			);
			mainGroup = C6936B171E6F9ED100A937C9;
			productRefGroup = C6936B211E6F9ED100A937C9 /* Products */;
			projectDirPath = "";
			projectRoot = "";
			targets = (
				C6936B1F1E6F9ED100A937C9 /* SnapSkate */,
				C6936B331E6F9ED200A937C9 /* SnapSkateTests */,
				C6936B3E1E6F9ED200A937C9 /* SnapSkateUITests */,
			);
		};
/* End PBXProject section */

/* Begin PBXResourcesBuildPhase section */
		C6936B1E1E6F9ED100A937C9 /* Resources */ = {
			isa = PBXResourcesBuildPhase;
			buildActionMask = 2147483647;
			files = (
				C6936B2E1E6F9ED100A937C9 /* LaunchScreen.storyboard in Resources */,
				C6936B2B1E6F9ED100A937C9 /* Assets.xcassets in Resources */,
				C6936B291E6F9ED100A937C9 /* Main.storyboard in Resources */,
			);
			runOnlyForDeploymentPostprocessing = 0;
		};
		C6936B321E6F9ED200A937C9 /* Resources */ = {
			isa = PBXResourcesBuildPhase;
			buildActionMask = 2147483647;
			files = (
			);
			runOnlyForDeploymentPostprocessing = 0;
		};
		C6936B3D1E6F9ED200A937C9 /* Resources */ = {
			isa = PBXResourcesBuildPhase;
			buildActionMask = 2147483647;
			files = (
			);
			runOnlyForDeploymentPostprocessing = 0;
		};
/* End PBXResourcesBuildPhase section */

/* Begin PBXSourcesBuildPhase section */
		C6936B1C1E6F9ED100A937C9 /* Sources */ = {
			isa = PBXSourcesBuildPhase;
			buildActionMask = 2147483647;
			files = (
				C6936B261E6F9ED100A937C9 /* ViewController.swift in Sources */,
				C6936B241E6F9ED100A937C9 /* AppDelegate.swift in Sources */,
			);
			runOnlyForDeploymentPostprocessing = 0;
		};
		C6936B301E6F9ED200A937C9 /* Sources */ = {
			isa = PBXSourcesBuildPhase;
			buildActionMask = 2147483647;
			files = (
				C6936B391E6F9ED200A937C9 /* SnapSkateTests.swift in Sources */,
			);
			runOnlyForDeploymentPostprocessing = 0;
		};
		C6936B3B1E6F9ED200A937C9 /* Sources */ = {
			isa = PBXSourcesBuildPhase;
			buildActionMask = 2147483647;
			files = (
				C6936B441E6F9ED200A937C9 /* SnapSkateUITests.swift in Sources */,
			);
			runOnlyForDeploymentPostprocessing = 0;
		};
/* End PBXSourcesBuildPhase section */

/* Begin PBXTargetDependency section */
		C6936B361E6F9ED200A937C9 /* PBXTargetDependency */ = {
			isa = PBXTargetDependency;
			target = C6936B1F1E6F9ED100A937C9 /* SnapSkate */;
			targetProxy = C6936B351E6F9ED200A937C9 /* PBXContainerItemProxy */;
		};
		C6936B411E6F9ED200A937C9 /* PBXTargetDependency */ = {
			isa = PBXTargetDependency;
			target = C6936B1F1E6F9ED100A937C9 /* SnapSkate */;
			targetProxy = C6936B401E6F9ED200A937C9 /* PBXContainerItemProxy */;
		};
/* End PBXTargetDependency section */

/* Begin PBXVariantGroup section */
		C6936B271E6F9ED100A937C9 /* Main.storyboard */ = {
			isa = PBXVariantGroup;
			children = (
				C6936B281E6F9ED100A937C9 /* Base */,
			);
			name = Main.storyboard;
			sourceTree = "<group>";
		};
		C6936B2C1E6F9ED100A937C9 /* LaunchScreen.storyboard */ = {
			isa = PBXVariantGroup;
			children = (
				C6936B2D1E6F9ED100A937C9 /* Base */,
			);
			name = LaunchScreen.storyboard;
			sourceTree = "<group>";
		};
/* End PBXVariantGroup section */

/* Begin XCBuildConfiguration section */
		C6936B461E6F9ED200A937C9 /* Debug */ = {
			isa = XCBuildConfiguration;
			buildSettings = {
				ALWAYS_SEARCH_USER_PATHS = NO;
				CLANG_ANALYZER_NONNULL = YES;
				CLANG_CXX_LANGUAGE_STANDARD = "gnu++0x";
				CLANG_CXX_LIBRARY = "libc++";
				CLANG_ENABLE_MODULES = YES;
				CLANG_ENABLE_OBJC_ARC = YES;
				CLANG_WARN_BOOL_CONVERSION = YES;
				CLANG_WARN_CONSTANT_CONVERSION = YES;
				CLANG_WARN_DIRECT_OBJC_ISA_USAGE = YES_ERROR;
				CLANG_WARN_DOCUMENTATION_COMMENTS = YES;
				CLANG_WARN_EMPTY_BODY = YES;
				CLANG_WARN_ENUM_CONVERSION = YES;
				CLANG_WARN_INFINITE_RECURSION = YES;
				CLANG_WARN_INT_CONVERSION = YES;
				CLANG_WARN_OBJC_ROOT_CLASS = YES_ERROR;
				CLANG_WARN_SUSPICIOUS_MOVE = YES;
				CLANG_WARN_UNREACHABLE_CODE = YES;
				CLANG_WARN__DUPLICATE_METHOD_MATCH = YES;
				"CODE_SIGN_IDENTITY[sdk=iphoneos*]" = "iPhone Developer";
				COPY_PHASE_STRIP = NO;
				DEBUG_INFORMATION_FORMAT = dwarf;
				ENABLE_STRICT_OBJC_MSGSEND = YES;
				ENABLE_TESTABILITY = YES;
				GCC_C_LANGUAGE_STANDARD = gnu99;
				GCC_DYNAMIC_NO_PIC = NO;
				GCC_NO_COMMON_BLOCKS = YES;
				GCC_OPTIMIZATION_LEVEL = 0;
				GCC_PREPROCESSOR_DEFINITIONS = (
					"DEBUG=1",
					"$(inherited)",
				);
				GCC_WARN_64_TO_32_BIT_CONVERSION = YES;
				GCC_WARN_ABOUT_RETURN_TYPE = YES_ERROR;
				GCC_WARN_UNDECLARED_SELECTOR = YES;
				GCC_WARN_UNINITIALIZED_AUTOS = YES_AGGRESSIVE;
				GCC_WARN_UNUSED_FUNCTION = YES;
				GCC_WARN_UNUSED_VARIABLE = YES;
				IPHONEOS_DEPLOYMENT_TARGET = 10.2;
				MTL_ENABLE_DEBUG_INFO = YES;
				ONLY_ACTIVE_ARCH = YES;
				SDKROOT = iphoneos;
				SWIFT_ACTIVE_COMPILATION_CONDITIONS = DEBUG;
				SWIFT_OPTIMIZATION_LEVEL = "-Onone";
				TARGETED_DEVICE_FAMILY = "1,2";
			};
			name = Debug;
		};
		C6936B471E6F9ED200A937C9 /* Release */ = {
			isa = XCBuildConfiguration;
			buildSettings = {
				ALWAYS_SEARCH_USER_PATHS = NO;
				CLANG_ANALYZER_NONNULL = YES;
				CLANG_CXX_LANGUAGE_STANDARD = "gnu++0x";
				CLANG_CXX_LIBRARY = "libc++";
				CLANG_ENABLE_MODULES = YES;
				CLANG_ENABLE_OBJC_ARC = YES;
				CLANG_WARN_BOOL_CONVERSION = YES;
				CLANG_WARN_CONSTANT_CONVERSION = YES;
				CLANG_WARN_DIRECT_OBJC_ISA_USAGE = YES_ERROR;
				CLANG_WARN_DOCUMENTATION_COMMENTS = YES;
				CLANG_WARN_EMPTY_BODY = YES;
				CLANG_WARN_ENUM_CONVERSION = YES;
				CLANG_WARN_INFINITE_RECURSION = YES;
				CLANG_WARN_INT_CONVERSION = YES;
				CLANG_WARN_OBJC_ROOT_CLASS = YES_ERROR;
				CLANG_WARN_SUSPICIOUS_MOVE = YES;
				CLANG_WARN_UNREACHABLE_CODE = YES;
				CLANG_WARN__DUPLICATE_METHOD_MATCH = YES;
				"CODE_SIGN_IDENTITY[sdk=iphoneos*]" = "iPhone Developer";
				COPY_PHASE_STRIP = NO;
				DEBUG_INFORMATION_FORMAT = "dwarf-with-dsym";
				ENABLE_NS_ASSERTIONS = NO;
				ENABLE_STRICT_OBJC_MSGSEND = YES;
				GCC_C_LANGUAGE_STANDARD = gnu99;
				GCC_NO_COMMON_BLOCKS = YES;
				GCC_WARN_64_TO_32_BIT_CONVERSION = YES;
				GCC_WARN_ABOUT_RETURN_TYPE = YES_ERROR;
				GCC_WARN_UNDECLARED_SELECTOR = YES;
				GCC_WARN_UNINITIALIZED_AUTOS = YES_AGGRESSIVE;
				GCC_WARN_UNUSED_FUNCTION = YES;
				GCC_WARN_UNUSED_VARIABLE = YES;
				IPHONEOS_DEPLOYMENT_TARGET = 10.2;
				MTL_ENABLE_DEBUG_INFO = NO;
				SDKROOT = iphoneos;
				SWIFT_OPTIMIZATION_LEVEL = "-Owholemodule";
				TARGETED_DEVICE_FAMILY = "1,2";
				VALIDATE_PRODUCT = YES;
			};
			name = Release;
		};
		C6936B491E6F9ED200A937C9 /* Debug */ = {
			isa = XCBuildConfiguration;
			buildSettings = {
				ASSETCATALOG_COMPILER_APPICON_NAME = AppIcon;
				DEVELOPMENT_TEAM = L9N5DJLS38;
				INFOPLIST_FILE = SnapSkate/Info.plist;
				LD_RUNPATH_SEARCH_PATHS = "$(inherited) @executable_path/Frameworks";
				PRODUCT_BUNDLE_IDENTIFIER = com.nathan.SnapSkate;
				PRODUCT_NAME = "$(TARGET_NAME)";
				SWIFT_VERSION = 3.0;
			};
			name = Debug;
		};
		C6936B4A1E6F9ED200A937C9 /* Release */ = {
			isa = XCBuildConfiguration;
			buildSettings = {
				ASSETCATALOG_COMPILER_APPICON_NAME = AppIcon;
				DEVELOPMENT_TEAM = L9N5DJLS38;
				INFOPLIST_FILE = SnapSkate/Info.plist;
				LD_RUNPATH_SEARCH_PATHS = "$(inherited) @executable_path/Frameworks";
				PRODUCT_BUNDLE_IDENTIFIER = com.nathan.SnapSkate;
				PRODUCT_NAME = "$(TARGET_NAME)";
				SWIFT_VERSION = 3.0;
			};
			name = Release;
		};
		C6936B4C1E6F9ED200A937C9 /* Debug */ = {
			isa = XCBuildConfiguration;
			buildSettings = {
				ALWAYS_EMBED_SWIFT_STANDARD_LIBRARIES = YES;
				BUNDLE_LOADER = "$(TEST_HOST)";
				DEVELOPMENT_TEAM = L9N5DJLS38;
				INFOPLIST_FILE = SnapSkateTests/Info.plist;
				LD_RUNPATH_SEARCH_PATHS = "$(inherited) @executable_path/Frameworks @loader_path/Frameworks";
				PRODUCT_BUNDLE_IDENTIFIER = com.nathan.SnapSkateTests;
				PRODUCT_NAME = "$(TARGET_NAME)";
				SWIFT_VERSION = 3.0;
				TEST_HOST = "$(BUILT_PRODUCTS_DIR)/SnapSkate.app/SnapSkate";
			};
			name = Debug;
		};
		C6936B4D1E6F9ED200A937C9 /* Release */ = {
			isa = XCBuildConfiguration;
			buildSettings = {
				ALWAYS_EMBED_SWIFT_STANDARD_LIBRARIES = YES;
				BUNDLE_LOADER = "$(TEST_HOST)";
				DEVELOPMENT_TEAM = L9N5DJLS38;
				INFOPLIST_FILE = SnapSkateTests/Info.plist;
				LD_RUNPATH_SEARCH_PATHS = "$(inherited) @executable_path/Frameworks @loader_path/Frameworks";
				PRODUCT_BUNDLE_IDENTIFIER = com.nathan.SnapSkateTests;
				PRODUCT_NAME = "$(TARGET_NAME)";
				SWIFT_VERSION = 3.0;
				TEST_HOST = "$(BUILT_PRODUCTS_DIR)/SnapSkate.app/SnapSkate";
			};
			name = Release;
		};
		C6936B4F1E6F9ED200A937C9 /* Debug */ = {
			isa = XCBuildConfiguration;
			buildSettings = {
				ALWAYS_EMBED_SWIFT_STANDARD_LIBRARIES = YES;
				DEVELOPMENT_TEAM = L9N5DJLS38;
				INFOPLIST_FILE = SnapSkateUITests/Info.plist;
				LD_RUNPATH_SEARCH_PATHS = "$(inherited) @executable_path/Frameworks @loader_path/Frameworks";
				PRODUCT_BUNDLE_IDENTIFIER = com.nathan.SnapSkateUITests;
				PRODUCT_NAME = "$(TARGET_NAME)";
				SWIFT_VERSION = 3.0;
				TEST_TARGET_NAME = SnapSkate;
			};
			name = Debug;
		};
		C6936B501E6F9ED200A937C9 /* Release */ = {
			isa = XCBuildConfiguration;
			buildSettings = {
				ALWAYS_EMBED_SWIFT_STANDARD_LIBRARIES = YES;
				DEVELOPMENT_TEAM = L9N5DJLS38;
				INFOPLIST_FILE = SnapSkateUITests/Info.plist;
				LD_RUNPATH_SEARCH_PATHS = "$(inherited) @executable_path/Frameworks @loader_path/Frameworks";
				PRODUCT_BUNDLE_IDENTIFIER = com.nathan.SnapSkateUITests;
				PRODUCT_NAME = "$(TARGET_NAME)";
				SWIFT_VERSION = 3.0;
				TEST_TARGET_NAME = SnapSkate;
			};
			name = Release;
		};
/* End XCBuildConfiguration section */

/* Begin XCConfigurationList section */
		C6936B1B1E6F9ED100A937C9 /* Build configuration list for PBXProject "SnapSkate" */ = {
			isa = XCConfigurationList;
			buildConfigurations = (
				C6936B461E6F9ED200A937C9 /* Debug */,
				C6936B471E6F9ED200A937C9 /* Release */,
			);
			defaultConfigurationIsVisible = 0;
			defaultConfigurationName = Release;
		};
		C6936B481E6F9ED200A937C9 /* Build configuration list for PBXNativeTarget "SnapSkate" */ = {
			isa = XCConfigurationList;
			buildConfigurations = (
				C6936B491E6F9ED200A937C9 /* Debug */,
				C6936B4A1E6F9ED200A937C9 /* Release */,
			);
			defaultConfigurationIsVisible = 0;
		};
		C6936B4B1E6F9ED200A937C9 /* Build configuration list for PBXNativeTarget "SnapSkateTests" */ = {
			isa = XCConfigurationList;
			buildConfigurations = (
				C6936B4C1E6F9ED200A937C9 /* Debug */,
				C6936B4D1E6F9ED200A937C9 /* Release */,
			);
			defaultConfigurationIsVisible = 0;
		};
		C6936B4E1E6F9ED200A937C9 /* Build configuration list for PBXNativeTarget "SnapSkateUITests" */ = {
			isa = XCConfigurationList;
			buildConfigurations = (
				C6936B4F1E6F9ED200A937C9 /* Debug */,
				C6936B501E6F9ED200A937C9 /* Release */,
			);
			defaultConfigurationIsVisible = 0;
		};
/* End XCConfigurationList section */
	};
	rootObject = C6936B181E6F9ED100A937C9 /* Project object */;
}
